# THIS IS AN AUTOGENERATED FILE. DO NOT EDIT THIS FILE DIRECTLY.
# yarn lockfile v1


"@uppy/aws-s3-multipart@0.27.1":
  version "0.27.1"
  resolved "https://registry.yarnpkg.com/@uppy/aws-s3-multipart/-/aws-s3-multipart-0.27.1.tgz#79ea6efa442640016f213ba2e11f3d0680883622"
  dependencies:
    "@uppy/companion-client" "0.27.1"
    "@uppy/utils" "0.27.0"
    resolve-url "^0.2.1"

"@uppy/aws-s3@0.27.1":
  version "0.27.1"
  resolved "https://registry.yarnpkg.com/@uppy/aws-s3/-/aws-s3-0.27.1.tgz#67c5cc712136dd741450cfa34d857eba8b53bde0"
  dependencies:
    "@uppy/utils" "0.27.0"
    "@uppy/xhr-upload" "0.27.1"
    resolve-url "^0.2.1"

"@uppy/companion-client@0.27.1":
  version "0.27.1"
  resolved "https://registry.yarnpkg.com/@uppy/companion-client/-/companion-client-0.27.1.tgz#1bef2bbc4b451aae883625c2af5d6563c5dbd274"
  dependencies:
    namespace-emitter "^2.0.1"

"@uppy/core@0.27.0":
  version "0.27.0"
  resolved "https://registry.yarnpkg.com/@uppy/core/-/core-0.27.0.tgz#3bb83c335663365ffbb7097e399f21332946ad59"
  dependencies:
    "@uppy/store-default" "0.27.0"
    "@uppy/utils" "0.27.0"
    cuid "^2.1.1"
    lodash.throttle "^4.1.1"
    mime-match "^1.0.2"
    namespace-emitter "^2.0.1"
    preact "^8.2.9"
    prettier-bytes "^1.0.4"

"@uppy/dashboard@0.27.2":
  version "0.27.2"
  resolved "https://registry.yarnpkg.com/@uppy/dashboard/-/dashboard-0.27.2.tgz#8a84232e45235d779b4cfaebd51fa9a2df7bfcc0"
  dependencies:
    "@uppy/informer" "0.27.1"
    "@uppy/provider-views" "0.27.1"
    "@uppy/status-bar" "0.27.1"
    "@uppy/thumbnail-generator" "0.27.1"
    "@uppy/utils" "0.27.0"
    classnames "^2.2.6"
    drag-drop "2.13.3"
    lodash.throttle "^4.1.1"
    preact "^8.2.9"
    preact-css-transition-group "^1.3.0"
    prettier-bytes "^1.0.4"

"@uppy/drag-drop@0.27.1":
  version "0.27.1"
  resolved "https://registry.yarnpkg.com/@uppy/drag-drop/-/drag-drop-0.27.1.tgz#1d050331301d98444b0c3d05129455d1cf3c1da0"
  dependencies:
    "@uppy/utils" "0.27.0"
    drag-drop "2.13.3"
    preact "^8.2.9"

"@uppy/dropbox@0.27.1":
  version "0.27.1"
  resolved "https://registry.yarnpkg.com/@uppy/dropbox/-/dropbox-0.27.1.tgz#8fe12ba1382fcec3dfe79d7d80caa2347db1a911"
  dependencies:
    "@uppy/companion-client" "0.27.1"
    "@uppy/provider-views" "0.27.1"
    "@uppy/utils" "0.27.0"
    preact "^8.2.9"

"@uppy/file-input@0.27.1":
  version "0.27.1"
  resolved "https://registry.yarnpkg.com/@uppy/file-input/-/file-input-0.27.1.tgz#ed6fb00d245659802c8268e1e9aad576ae49fec1"
  dependencies:
    "@uppy/utils" "0.27.0"
    preact "^8.2.9"

"@uppy/form@0.27.1":
  version "0.27.1"
  resolved "https://registry.yarnpkg.com/@uppy/form/-/form-0.27.1.tgz#e2823104891d9fdf488a4912fa22e919a61a24b3"
  dependencies:
    "@uppy/utils" "0.27.0"
    get-form-data "^2.0.0"

"@uppy/golden-retriever@0.27.1":
  version "0.27.1"
  resolved "https://registry.yarnpkg.com/@uppy/golden-retriever/-/golden-retriever-0.27.1.tgz#0c376a207d34fe0e491bb1b266f823a5bde2f8fe"
  dependencies:
    "@uppy/utils" "0.27.0"
    prettier-bytes "^1.0.4"

"@uppy/google-drive@0.27.2":
  version "0.27.2"
  resolved "https://registry.yarnpkg.com/@uppy/google-drive/-/google-drive-0.27.2.tgz#73c0fdad39dd634748236702f54c4fe350577071"
  dependencies:
    "@uppy/companion-client" "0.27.1"
    "@uppy/provider-views" "0.27.1"
    "@uppy/utils" "0.27.0"
    preact "^8.2.9"

"@uppy/informer@0.27.1":
  version "0.27.1"
  resolved "https://registry.yarnpkg.com/@uppy/informer/-/informer-0.27.1.tgz#e83d00dcfa225ed2e4a01290e9ddd18b9e835422"
  dependencies:
    "@uppy/utils" "0.27.0"
    preact "^8.2.9"

"@uppy/instagram@0.27.2":
  version "0.27.2"
  resolved "https://registry.yarnpkg.com/@uppy/instagram/-/instagram-0.27.2.tgz#493a2a9e535500ec6b28d6012e5614ffcd5f3831"
  dependencies:
    "@uppy/companion-client" "0.27.1"
    "@uppy/provider-views" "0.27.1"
    "@uppy/utils" "0.27.0"
    preact "^8.2.9"

"@uppy/progress-bar@0.27.1":
  version "0.27.1"
  resolved "https://registry.yarnpkg.com/@uppy/progress-bar/-/progress-bar-0.27.1.tgz#d65cb31658aa04ee0c9c884b3437d28a564fcec9"
  dependencies:
    "@uppy/utils" "0.27.0"
    preact "^8.2.9"

"@uppy/provider-views@0.27.1":
  version "0.27.1"
  resolved "https://registry.yarnpkg.com/@uppy/provider-views/-/provider-views-0.27.1.tgz#a0aa7eaffbb87b2d47cb6044b7cef8bfa24ccfaf"
  dependencies:
    "@uppy/utils" "0.27.0"
    classnames "^2.2.6"
    preact "^8.2.9"

"@uppy/redux-dev-tools@0.27.1":
  version "0.27.1"
  resolved "https://registry.yarnpkg.com/@uppy/redux-dev-tools/-/redux-dev-tools-0.27.1.tgz#96ed76b3eb6edd6217e78cd78cf8834b6f443534"

"@uppy/status-bar@0.27.1":
  version "0.27.1"
  resolved "https://registry.yarnpkg.com/@uppy/status-bar/-/status-bar-0.27.1.tgz#ddd91b68675b0e82641a753a6b803e691830708b"
  dependencies:
    "@uppy/utils" "0.27.0"
    classnames "^2.2.6"
    lodash.throttle "^4.1.1"
    preact "^8.2.9"
    prettier-bytes "^1.0.4"

"@uppy/store-default@0.27.0":
  version "0.27.0"
  resolved "https://registry.yarnpkg.com/@uppy/store-default/-/store-default-0.27.0.tgz#3afeb640352d142fe1b15d6e73b1034626ab4ced"

"@uppy/store-redux@0.27.0":
  version "0.27.0"
  resolved "https://registry.yarnpkg.com/@uppy/store-redux/-/store-redux-0.27.0.tgz#529f9e3bf5d6fe71388411c42e5786ee56fa88a0"
  dependencies:
    cuid "^2.1.1"

"@uppy/thumbnail-generator@0.27.1":
  version "0.27.1"
  resolved "https://registry.yarnpkg.com/@uppy/thumbnail-generator/-/thumbnail-generator-0.27.1.tgz#0261294667b7374617ae229e7a210ddcde7d2124"
  dependencies:
    "@uppy/utils" "0.27.0"

"@uppy/transloadit@0.27.2":
  version "0.27.2"
  resolved "https://registry.yarnpkg.com/@uppy/transloadit/-/transloadit-0.27.2.tgz#971f6b64de1869627ad8bde09cf24c8a849fbc9d"
  dependencies:
    "@uppy/companion-client" "0.27.1"
    "@uppy/provider-views" "0.27.1"
    "@uppy/tus" "0.27.2"
    "@uppy/utils" "0.27.0"
    component-emitter "^1.2.1"
    socket.io-client "^2.1.1"

"@uppy/tus@0.27.2":
  version "0.27.2"
  resolved "https://registry.yarnpkg.com/@uppy/tus/-/tus-0.27.2.tgz#1600dc2aafeb1aaef735859bba611770bcb7904f"
  dependencies:
    "@uppy/companion-client" "0.27.1"
    "@uppy/utils" "0.27.0"
    tus-js-client "^1.5.1"

"@uppy/url@0.27.2":
  version "0.27.2"
  resolved "https://registry.yarnpkg.com/@uppy/url/-/url-0.27.2.tgz#aa2e0500fd0754f67948787e49ddffb199690540"
  dependencies:
    "@uppy/companion-client" "0.27.1"
    "@uppy/utils" "0.27.0"
    preact "^8.2.9"

"@uppy/utils@0.27.0":
  version "0.27.0"
  resolved "https://registry.yarnpkg.com/@uppy/utils/-/utils-0.27.0.tgz#d8e7283f732972929afe5c81418286fb615844ab"
  dependencies:
    lodash.throttle "^4.1.1"

"@uppy/webcam@0.27.1":
  version "0.27.1"
  resolved "https://registry.yarnpkg.com/@uppy/webcam/-/webcam-0.27.1.tgz#680c429d0bd64e1fcf3f1e7a929f9ac10f40f362"
  dependencies:
    "@uppy/utils" "0.27.0"
    preact "^8.2.9"

"@uppy/xhr-upload@0.27.1":
  version "0.27.1"
  resolved "https://registry.yarnpkg.com/@uppy/xhr-upload/-/xhr-upload-0.27.1.tgz#a272d91839076b92ee645974163a36279211d260"
  dependencies:
    "@uppy/companion-client" "0.27.1"
    "@uppy/utils" "0.27.0"
    cuid "^2.1.1"

after@0.8.2:
  version "0.8.2"
  resolved "https://registry.yarnpkg.com/after/-/after-0.8.2.tgz#fedb394f9f0e02aa9768e702bda23b505fae7e1f"

ansicolors@~0.2.1:
  version "0.2.1"
  resolved "https://registry.yarnpkg.com/ansicolors/-/ansicolors-0.2.1.tgz#be089599097b74a5c9c4a84a0cdbcdb62bd87aef"

arraybuffer.slice@~0.0.7:
  version "0.0.7"
  resolved "https://registry.yarnpkg.com/arraybuffer.slice/-/arraybuffer.slice-0.0.7.tgz#3bbc4275dd584cc1b10809b89d4e8b63a69e7675"

async-limiter@~1.0.0:
  version "1.0.0"
  resolved "https://registry.yarnpkg.com/async-limiter/-/async-limiter-1.0.0.tgz#78faed8c3d074ab81f22b4e985d79e8738f720f8"

async@^2.6.0:
  version "2.6.1"
  resolved "https://registry.yarnpkg.com/async/-/async-2.6.1.tgz#b245a23ca71930044ec53fa46aa00a3e87c6a610"
  dependencies:
    lodash "^4.17.10"

backo2@1.0.2:
  version "1.0.2"
  resolved "https://registry.yarnpkg.com/backo2/-/backo2-1.0.2.tgz#31ab1ac8b129363463e35b3ebb69f4dfcfba7947"

base64-arraybuffer@0.1.5:
  version "0.1.5"
  resolved "https://registry.yarnpkg.com/base64-arraybuffer/-/base64-arraybuffer-0.1.5.tgz#73926771923b5a19747ad666aa5cd4bf9c6e9ce8"

better-assert@~1.0.0:
  version "1.0.2"
  resolved "https://registry.yarnpkg.com/better-assert/-/better-assert-1.0.2.tgz#40866b9e1b9e0b55b481894311e68faffaebc522"
  dependencies:
    callsite "1.0.0"

blob-to-buffer@^1.0.2:
  version "1.2.8"
  resolved "https://registry.yarnpkg.com/blob-to-buffer/-/blob-to-buffer-1.2.8.tgz#78eeeb332f1280ed0ca6fb2b60693a8c6d36903a"

blob@0.0.4:
  version "0.0.4"
  resolved "https://registry.yarnpkg.com/blob/-/blob-0.0.4.tgz#bcf13052ca54463f30f9fc7e95b9a47630a94921"

bootstrap-tokenfield@^0.12.0:
  version "0.12.0"
  resolved "https://registry.yarnpkg.com/bootstrap-tokenfield/-/bootstrap-tokenfield-0.12.0.tgz#5d763c3d196de71078ac4d49dc2ea169cb870cdf"
  integrity sha1-XXY8PRlt5xB4rE1J3C6hacuHDN8=
  dependencies:
    jquery "^2.1.0"

buffer-from@^0.1.1:
  version "0.1.2"
  resolved "https://registry.yarnpkg.com/buffer-from/-/buffer-from-0.1.2.tgz#15f4b9bcef012044df31142c14333caf6e0260d0"

callsite@1.0.0:
  version "1.0.0"
  resolved "https://registry.yarnpkg.com/callsite/-/callsite-1.0.0.tgz#280398e5d664bd74038b6f0905153e6e8af1bc20"

cardinal@^1.0.0:
  version "1.0.0"
  resolved "https://registry.yarnpkg.com/cardinal/-/cardinal-1.0.0.tgz#50e21c1b0aa37729f9377def196b5a9cec932ee9"
  dependencies:
    ansicolors "~0.2.1"
    redeyed "~1.0.0"

classnames@^2.2.6:
  version "2.2.6"
  resolved "https://registry.yarnpkg.com/classnames/-/classnames-2.2.6.tgz#43935bffdd291f326dad0a205309b38d00f650ce"

component-bind@1.0.0:
  version "1.0.0"
  resolved "https://registry.yarnpkg.com/component-bind/-/component-bind-1.0.0.tgz#00c608ab7dcd93897c0009651b1d3a8e1e73bbd1"

component-emitter@1.2.1, component-emitter@^1.2.1:
  version "1.2.1"
  resolved "https://registry.yarnpkg.com/component-emitter/-/component-emitter-1.2.1.tgz#137918d6d78283f7df7a6b7c5a63e140e69425e6"

component-inherit@0.0.3:
  version "0.0.3"
  resolved "https://registry.yarnpkg.com/component-inherit/-/component-inherit-0.0.3.tgz#645fc4adf58b72b649d5cae65135619db26ff143"

csv-parse@^2.0.0:
  version "2.5.0"
  resolved "https://registry.yarnpkg.com/csv-parse/-/csv-parse-2.5.0.tgz#65748997ecc3719c594622db1b9ea0e2eb7d56bb"

cuid@^2.1.1:
  version "2.1.4"
  resolved "https://registry.yarnpkg.com/cuid/-/cuid-2.1.4.tgz#e1178eb92a05ef9364b29a9942feed36d3604cdd"

debug@~3.1.0:
  version "3.1.0"
  resolved "https://registry.yarnpkg.com/debug/-/debug-3.1.0.tgz#5bb5a0672628b64149566ba16819e61518c67261"
  dependencies:
    ms "2.0.0"

drag-drop@2.13.3:
  version "2.13.3"
  resolved "https://registry.yarnpkg.com/drag-drop/-/drag-drop-2.13.3.tgz#e4dc518ad1eddf33c53cb46759a32dd73f37dfd9"
  dependencies:
    blob-to-buffer "^1.0.2"
    flatten "^1.0.2"
    run-parallel "^1.0.0"

engine.io-client@~3.2.0:
  version "3.2.1"
  resolved "https://registry.yarnpkg.com/engine.io-client/-/engine.io-client-3.2.1.tgz#6f54c0475de487158a1a7c77d10178708b6add36"
  dependencies:
    component-emitter "1.2.1"
    component-inherit "0.0.3"
    debug "~3.1.0"
    engine.io-parser "~2.1.1"
    has-cors "1.1.0"
    indexof "0.0.1"
    parseqs "0.0.5"
    parseuri "0.0.5"
    ws "~3.3.1"
    xmlhttprequest-ssl "~1.5.4"
    yeast "0.1.2"

engine.io-parser@~2.1.1:
  version "2.1.2"
  resolved "https://registry.yarnpkg.com/engine.io-parser/-/engine.io-parser-2.1.2.tgz#4c0f4cff79aaeecbbdcfdea66a823c6085409196"
  dependencies:
    after "0.8.2"
    arraybuffer.slice "~0.0.7"
    base64-arraybuffer "0.1.5"
    blob "0.0.4"
    has-binary2 "~1.0.2"

esprima@~3.0.0:
  version "3.0.0"
  resolved "https://registry.yarnpkg.com/esprima/-/esprima-3.0.0.tgz#53cf247acda77313e551c3aa2e73342d3fb4f7d9"

extend@^3.0.0:
  version "3.0.2"
  resolved "https://registry.yarnpkg.com/extend/-/extend-3.0.2.tgz#f8b1136b4071fbd8eb140aff858b1019ec2915fa"

flatten@^1.0.2:
  version "1.0.2"
  resolved "https://registry.yarnpkg.com/flatten/-/flatten-1.0.2.tgz#dae46a9d78fbe25292258cc1e780a41d95c03782"

get-form-data@^2.0.0:
  version "2.0.0"
  resolved "https://registry.yarnpkg.com/get-form-data/-/get-form-data-2.0.0.tgz#f211018ea617cc54678522235f0e2a9025d89411"

has-binary2@~1.0.2:
  version "1.0.3"
  resolved "https://registry.yarnpkg.com/has-binary2/-/has-binary2-1.0.3.tgz#7776ac627f3ea77250cfc332dab7ddf5e4f5d11d"
  dependencies:
    isarray "2.0.1"

has-cors@1.1.0:
  version "1.1.0"
  resolved "https://registry.yarnpkg.com/has-cors/-/has-cors-1.1.0.tgz#5e474793f7ea9843d1bb99c23eef49ff126fff39"

humanize@^0.0.9:
  version "0.0.9"
  resolved "https://registry.yarnpkg.com/humanize/-/humanize-0.0.9.tgz#1994ffaecdfe9c441ed2bdac7452b7bb4c9e41a4"

indexof@0.0.1:
  version "0.0.1"
  resolved "https://registry.yarnpkg.com/indexof/-/indexof-0.0.1.tgz#82dc336d232b9062179d05ab3293a66059fd435d"

isarray@2.0.1:
  version "2.0.1"
  resolved "https://registry.yarnpkg.com/isarray/-/isarray-2.0.1.tgz#a37d94ed9cda2d59865c9f76fe596ee1f338741e"

jquery@>=1.12.0:
  version "3.3.1"
  resolved "https://registry.yarnpkg.com/jquery/-/jquery-3.3.1.tgz#958ce29e81c9790f31be7792df5d4d95fc57fbca"

jquery@^2.1.0:
  version "2.2.4"
  resolved "https://registry.yarnpkg.com/jquery/-/jquery-2.2.4.tgz#2c89d6889b5eac522a7eea32c14521559c6cbf02"
  integrity sha1-LInWiJterFIqfuoywUUhVZxsvwI=

jquery@^3.3.1:
  version "3.4.1"
  resolved "https://registry.yarnpkg.com/jquery/-/jquery-3.4.1.tgz#714f1f8d9dde4bdfa55764ba37ef214630d80ef2"
  integrity sha512-36+AdBzCL+y6qjw5Tx7HgzeGCzC81MDDgaUP8ld2zhx58HdqXGoBd+tHdrBMiyjGQs0Hxs/MLZTu/eHNJJuWPw==

lodash.throttle@^4.1.1:
  version "4.1.1"
  resolved "https://registry.yarnpkg.com/lodash.throttle/-/lodash.throttle-4.1.1.tgz#c23e91b710242ac70c37f1e1cda9274cc39bf2f4"

lodash@^4.17.10:
  version "4.17.10"
  resolved "https://registry.yarnpkg.com/lodash/-/lodash-4.17.10.tgz#1b7793cf7259ea38fb3661d4d38b3260af8ae4e7"

magnific-popup@^1.1.0:
  version "1.1.0"
  resolved "https://registry.yarnpkg.com/magnific-popup/-/magnific-popup-1.1.0.tgz#3e7362c5bd18f6785fe99e59d013e20af33d3049"

microplugin@0.0.3:
  version "0.0.3"
  resolved "https://registry.yarnpkg.com/microplugin/-/microplugin-0.0.3.tgz#1fc2e1bb7c9e19e82bd84bba9137bbe71250d8cd"

mime-match@^1.0.2:
  version "1.0.2"
  resolved "https://registry.yarnpkg.com/mime-match/-/mime-match-1.0.2.tgz#3f87c31e9af1a5fd485fb9db134428b23bbb7ba8"
  dependencies:
    wildcard "^1.1.0"

minimist@~0.0.1:
  version "0.0.10"
  resolved "http://registry.npmjs.org/minimist/-/minimist-0.0.10.tgz#de3f98543dbf96082be48ad1a0c7cda836301dcf"

ms@2.0.0:
  version "2.0.0"
  resolved "https://registry.yarnpkg.com/ms/-/ms-2.0.0.tgz#5608aeadfc00be6c2901df5f9861788de0d597c8"

namespace-emitter@^2.0.1:
  version "2.0.1"
  resolved "https://registry.yarnpkg.com/namespace-emitter/-/namespace-emitter-2.0.1.tgz#978d51361c61313b4e6b8cf6f3853d08dfa2b17c"

object-component@0.0.3:
  version "0.0.3"
  resolved "https://registry.yarnpkg.com/object-component/-/object-component-0.0.3.tgz#f0c69aa50efc95b866c186f400a33769cb2f1291"

optimist@^0.6.1:
  version "0.6.1"
  resolved "https://registry.yarnpkg.com/optimist/-/optimist-0.6.1.tgz#da3ea74686fa21a19a111c326e90eb15a0196686"
  dependencies:
    minimist "~0.0.1"
    wordwrap "~0.0.2"

parseqs@0.0.5:
  version "0.0.5"
  resolved "https://registry.yarnpkg.com/parseqs/-/parseqs-0.0.5.tgz#d5208a3738e46766e291ba2ea173684921a8b89d"
  dependencies:
    better-assert "~1.0.0"

parseuri@0.0.5:
  version "0.0.5"
  resolved "https://registry.yarnpkg.com/parseuri/-/parseuri-0.0.5.tgz#80204a50d4dbb779bfdc6ebe2778d90e4bce320a"
  dependencies:
    better-assert "~1.0.0"

preact-css-transition-group@^1.3.0:
  version "1.3.0"
  resolved "https://registry.yarnpkg.com/preact-css-transition-group/-/preact-css-transition-group-1.3.0.tgz#06fe468b26f7802e95b829a762db0bc199aef399"

preact@^8.2.9:
  version "8.3.1"
  resolved "https://registry.yarnpkg.com/preact/-/preact-8.3.1.tgz#ed34f79d09edc5efd32a378a3416ef5dc531e3ac"

prettier-bytes@^1.0.4:
  version "1.0.4"
  resolved "https://registry.yarnpkg.com/prettier-bytes/-/prettier-bytes-1.0.4.tgz#994b02aa46f699c50b6257b5faaa7fe2557e62d6"

rails-ujs@^5.2.1:
  version "5.2.1"
  resolved "https://registry.yarnpkg.com/rails-ujs/-/rails-ujs-5.2.1.tgz#2869c6d54fdfefac3aaa257f4efe211d8f5a7169"

redeyed@~1.0.0:
  version "1.0.1"
  resolved "https://registry.yarnpkg.com/redeyed/-/redeyed-1.0.1.tgz#e96c193b40c0816b00aec842698e61185e55498a"
  dependencies:
    esprima "~3.0.0"

resolve-url@^0.2.1:
  version "0.2.1"
  resolved "https://registry.yarnpkg.com/resolve-url/-/resolve-url-0.2.1.tgz#2c637fe77c893afd2a663fe21aa9080068e2052a"

run-parallel@^1.0.0:
  version "1.1.9"
  resolved "https://registry.yarnpkg.com/run-parallel/-/run-parallel-1.1.9.tgz#c9dd3a7cf9f4b2c4b6244e173a6ed866e61dd679"

safe-buffer@~5.1.0:
  version "5.1.2"
  resolved "https://registry.yarnpkg.com/safe-buffer/-/safe-buffer-5.1.2.tgz#991ec69d296e0313747d59bdfd2b745c35f8828d"

selectize@^0.12.6:
  version "0.12.6"
  resolved "https://registry.yarnpkg.com/selectize/-/selectize-0.12.6.tgz#c2cf08cbaa4cb06c5e99bb452919d71b080690d6"
  dependencies:
    microplugin "0.0.3"
    sifter "^0.5.1"

sifter@^0.5.1:
  version "0.5.3"
  resolved "https://registry.yarnpkg.com/sifter/-/sifter-0.5.3.tgz#5e6507fe8c114b2b28d90b6bf4e5b636e611e48b"
  dependencies:
    async "^2.6.0"
    cardinal "^1.0.0"
    csv-parse "^2.0.0"
    humanize "^0.0.9"
    optimist "^0.6.1"

socket.io-client@^2.1.1:
  version "2.1.1"
  resolved "https://registry.yarnpkg.com/socket.io-client/-/socket.io-client-2.1.1.tgz#dcb38103436ab4578ddb026638ae2f21b623671f"
  dependencies:
    backo2 "1.0.2"
    base64-arraybuffer "0.1.5"
    component-bind "1.0.0"
    component-emitter "1.2.1"
    debug "~3.1.0"
    engine.io-client "~3.2.0"
    has-binary2 "~1.0.2"
    has-cors "1.1.0"
    indexof "0.0.1"
    object-component "0.0.3"
    parseqs "0.0.5"
    parseuri "0.0.5"
    socket.io-parser "~3.2.0"
    to-array "0.1.4"

socket.io-parser@~3.2.0:
  version "3.2.0"
  resolved "https://registry.yarnpkg.com/socket.io-parser/-/socket.io-parser-3.2.0.tgz#e7c6228b6aa1f814e6148aea325b51aa9499e077"
  dependencies:
    component-emitter "1.2.1"
    debug "~3.1.0"
    isarray "2.0.1"

to-array@0.1.4:
  version "0.1.4"
  resolved "https://registry.yarnpkg.com/to-array/-/to-array-0.1.4.tgz#17e6c11f73dd4f3d74cda7a4ff3238e9ad9bf890"

toastr@^2.1.4:
  version "2.1.4"
  resolved "https://registry.yarnpkg.com/toastr/-/toastr-2.1.4.tgz#8b43be64fb9d0c414871446f2db8e8ca4e95f181"
  dependencies:
    jquery ">=1.12.0"

tus-js-client@^1.5.1:
  version "1.5.1"
  resolved "https://registry.yarnpkg.com/tus-js-client/-/tus-js-client-1.5.1.tgz#6e1856f5d523cb8f7389fbca51653ccd12bb8d13"
  dependencies:
    buffer-from "^0.1.1"
    extend "^3.0.0"
    lodash.throttle "^4.1.1"
    resolve-url "^0.2.1"

ultron@~1.1.0:
  version "1.1.1"
  resolved "https://registry.yarnpkg.com/ultron/-/ultron-1.1.1.tgz#9fe1536a10a664a65266a1e3ccf85fd36302bc9c"

underscore@^1.9.1:
  version "1.9.1"
  resolved "https://registry.yarnpkg.com/underscore/-/underscore-1.9.1.tgz#06dce34a0e68a7babc29b365b8e74b8925203961"

uppy@^0.27.2:
  version "0.27.2"
  resolved "https://registry.yarnpkg.com/uppy/-/uppy-0.27.2.tgz#bc7f66315a1b98f7622d74d335610141dcec0184"
  dependencies:
    "@uppy/aws-s3" "0.27.1"
    "@uppy/aws-s3-multipart" "0.27.1"
    "@uppy/companion-client" "0.27.1"
    "@uppy/core" "0.27.0"
    "@uppy/dashboard" "0.27.2"
    "@uppy/drag-drop" "0.27.1"
    "@uppy/dropbox" "0.27.1"
    "@uppy/file-input" "0.27.1"
    "@uppy/form" "0.27.1"
    "@uppy/golden-retriever" "0.27.1"
    "@uppy/google-drive" "0.27.2"
    "@uppy/informer" "0.27.1"
    "@uppy/instagram" "0.27.2"
    "@uppy/progress-bar" "0.27.1"
    "@uppy/provider-views" "0.27.1"
    "@uppy/redux-dev-tools" "0.27.1"
    "@uppy/status-bar" "0.27.1"
    "@uppy/store-default" "0.27.0"
    "@uppy/store-redux" "0.27.0"
    "@uppy/thumbnail-generator" "0.27.1"
    "@uppy/transloadit" "0.27.2"
    "@uppy/tus" "0.27.2"
    "@uppy/url" "0.27.2"
    "@uppy/webcam" "0.27.1"
    "@uppy/xhr-upload" "0.27.1"

wildcard@^1.1.0:
  version "1.1.2"
  resolved "https://registry.yarnpkg.com/wildcard/-/wildcard-1.1.2.tgz#a7020453084d8cd2efe70ba9d3696263de1710a5"

wordwrap@~0.0.2:
  version "0.0.3"
  resolved "https://registry.yarnpkg.com/wordwrap/-/wordwrap-0.0.3.tgz#a3d5da6cd5c0bc0008d37234bbaf1bed63059107"

ws@~3.3.1:
  version "3.3.3"
  resolved "https://registry.yarnpkg.com/ws/-/ws-3.3.3.tgz#f1cf84fe2d5e901ebce94efaece785f187a228f2"
  dependencies:
    async-limiter "~1.0.0"
    safe-buffer "~5.1.0"
    ultron "~1.1.0"

xmlhttprequest-ssl@~1.5.4:
  version "1.5.5"
  resolved "https://registry.yarnpkg.com/xmlhttprequest-ssl/-/xmlhttprequest-ssl-1.5.5.tgz#c2876b06168aadc40e57d97e81191ac8f4398b3e"

yeast@0.1.2:
  version "0.1.2"
  resolved "https://registry.yarnpkg.com/yeast/-/yeast-0.1.2.tgz#008e06d8094320c372dbc2f8ed76a0ca6c8ac419"
