# THIS IS AN AUTOGENERATED FILE. DO NOT EDIT THIS FILE DIRECTLY.
# yarn lockfile v1


"@uppy/aws-s3-multipart@0.27.4":
  version "0.27.4"
  resolved "https://registry.yarnpkg.com/@uppy/aws-s3-multipart/-/aws-s3-multipart-0.27.4.tgz#264126421ebf75c1a1c9bc5aac7286c1ffabb4c3"
  integrity sha512-PvWOxKu3YVGAZ/0SyDc5dI2xiKTPD02D3Yio1NlTzkjSRnqY3JvcO8RuFxbuOdBKxfYEMnSA6P5ELpNu/l4H9w==
  dependencies:
    "@uppy/companion-client" "0.27.2"
    "@uppy/utils" "0.27.1"
    resolve-url "^0.2.1"

"@uppy/aws-s3@0.27.4":
  version "0.27.4"
  resolved "https://registry.yarnpkg.com/@uppy/aws-s3/-/aws-s3-0.27.4.tgz#f3f2eb6578bad31c3767ce719a73b1c81eecc5f4"
  integrity sha512-6HoaX2x8/loV0fvFH7d9ovj7DQeKE9L/9l8R2gy05YCGToUiHUZgJlPmaDhXmreWAwmvGKSkGMRz1EHpQc25IQ==
  dependencies:
    "@uppy/utils" "0.27.1"
    "@uppy/xhr-upload" "0.27.4"
    resolve-url "^0.2.1"

"@uppy/companion-client@0.27.2":
  version "0.27.2"
  resolved "https://registry.yarnpkg.com/@uppy/companion-client/-/companion-client-0.27.2.tgz#526572b5129d7786c06368e8def5bc46c5980048"
  integrity sha512-AJ/9meDnu67cExtmb/73DuhOzNcK8S/AkKhwyC1ffvc4IZYPoMCllcydXFdVWbKR76V8Jc4XnVPiprWIqrPEPQ==
  dependencies:
    namespace-emitter "^2.0.1"

"@uppy/core@0.27.3":
  version "0.27.3"
  resolved "https://registry.yarnpkg.com/@uppy/core/-/core-0.27.3.tgz#0cf2c4b05a4d797afb747fb04ddaea53719f678f"
  integrity sha512-dJD+33tozp8WWlim7yCRAH1xmvht6NQs/gV2EVAJ5ZVSt9PZ4XHjKHtLh5JBKTI3Bkt/b805V3ywNeNLosvyJw==
  dependencies:
    "@uppy/store-default" "0.27.0"
    "@uppy/utils" "0.27.1"
    cuid "^2.1.1"
    lodash.throttle "^4.1.1"
    mime-match "^1.0.2"
    namespace-emitter "^2.0.1"
    preact "^8.2.9"
    prettier-bytes "^1.0.4"

"@uppy/dashboard@0.27.5":
  version "0.27.5"
  resolved "https://registry.yarnpkg.com/@uppy/dashboard/-/dashboard-0.27.5.tgz#6b88e2ff31fcc33bb1adf43a7eb35c9446af4342"
  integrity sha512-zYWBHDQh6Rfh5R+nv+AZeq7Ces8RVDb+JciUavVOBojwlMbL0ozRVrK48s0sAcpeJFRK8cpzlmgDMNp6Yj1vNw==
  dependencies:
    "@uppy/informer" "0.27.4"
    "@uppy/provider-views" "0.27.4"
    "@uppy/status-bar" "0.27.4"
    "@uppy/thumbnail-generator" "0.27.4"
    "@uppy/utils" "0.27.1"
    classnames "^2.2.6"
    drag-drop "2.13.3"
    lodash.throttle "^4.1.1"
    preact "^8.2.9"
    preact-css-transition-group "^1.3.0"
    prettier-bytes "^1.0.4"
    resize-observer-polyfill "^1.5.0"

"@uppy/drag-drop@0.27.4":
  version "0.27.4"
  resolved "https://registry.yarnpkg.com/@uppy/drag-drop/-/drag-drop-0.27.4.tgz#d4af8c5444105aed967a05856fecb358ffeef5d4"
  integrity sha512-YHQ6h5KO09gQygi5leVayiuMt+axM/cyjw+GPq0ZmJIazEL+bQFmxtL5ZZjfcLh6H//OMWJNE4p9lrqR+CQEqQ==
  dependencies:
    "@uppy/utils" "0.27.1"
    drag-drop "2.13.3"
    preact "^8.2.9"

"@uppy/dropbox@0.27.4":
  version "0.27.4"
  resolved "https://registry.yarnpkg.com/@uppy/dropbox/-/dropbox-0.27.4.tgz#423068a797a4646c57a72e9fc5bad7d4854ae8a6"
  integrity sha512-flRJpmSZl/Pm3aSeW4S2mTGlzXKOGuHinWgBJl1X7vy/ASwMz0tgJYN+d2mgs8GZePsD7oGu90EU+K3RBE8sPg==
  dependencies:
    "@uppy/companion-client" "0.27.2"
    "@uppy/provider-views" "0.27.4"
    "@uppy/utils" "0.27.1"
    preact "^8.2.9"

"@uppy/file-input@0.27.4":
  version "0.27.4"
  resolved "https://registry.yarnpkg.com/@uppy/file-input/-/file-input-0.27.4.tgz#437171d916d2d2c8db2cef9b92df34ffc0021303"
  integrity sha512-TY3jqWT72xy3K++KXkPVraIxUMI6T0LccpnQ7WJ/BqpETU2/lfK8rwLHvAB6h+ZkdXRJR1jFfOL4nCsA39/cYg==
  dependencies:
    "@uppy/utils" "0.27.1"
    preact "^8.2.9"

"@uppy/form@0.27.4":
  version "0.27.4"
  resolved "https://registry.yarnpkg.com/@uppy/form/-/form-0.27.4.tgz#b916e91ecec255caf314aed9879614fc6e6fe681"
  integrity sha512-vo8umQdxzsXCqx2l8ThlG/AFgX12ChnueRRMWVFGWbZUUPo57cuhXtu0tKSKoDvyvXZSOJE9qAws9fclo0sm0Q==
  dependencies:
    "@uppy/utils" "0.27.1"
    get-form-data "^2.0.0"

"@uppy/golden-retriever@0.27.4":
  version "0.27.4"
  resolved "https://registry.yarnpkg.com/@uppy/golden-retriever/-/golden-retriever-0.27.4.tgz#19253f03a1992003904734a73268bda06c4961f0"
  integrity sha512-UI6Nb6HJVg+Frvi6c83atRIMyDdFNFBGg5/7T/ZjBNO8zOu2MVEkJlHzfN7PTGJO3vT3ulrXRXIfKocUrZHTHw==
  dependencies:
    "@uppy/utils" "0.27.1"
    prettier-bytes "^1.0.4"

"@uppy/google-drive@0.27.5":
  version "0.27.5"
  resolved "https://registry.yarnpkg.com/@uppy/google-drive/-/google-drive-0.27.5.tgz#aa404d74f16d63a7b4caf94d4e12656168421455"
  integrity sha512-X644U+/1Tnb2CGI1gLD+kLjGik0XW+TsOhqURPX8FleSanS/HUE/EpP1eJRM+I63L/1jQ8ZULBcO/PFoD8HUbw==
  dependencies:
    "@uppy/companion-client" "0.27.2"
    "@uppy/provider-views" "0.27.4"
    "@uppy/utils" "0.27.1"
    preact "^8.2.9"

"@uppy/informer@0.27.4":
  version "0.27.4"
  resolved "https://registry.yarnpkg.com/@uppy/informer/-/informer-0.27.4.tgz#5ef5aeff70bef006495e03ee174a6de3db50139f"
  integrity sha512-OzPNXX7r/xR0pSIcanXsA6vMmHh1NVCUyLOFH/6wb22LEWJMJ4KjtWtbf42RsVLwCg02iq+p50hWBGDOuw7zmA==
  dependencies:
    "@uppy/utils" "0.27.1"
    preact "^8.2.9"

"@uppy/instagram@0.27.5":
  version "0.27.5"
  resolved "https://registry.yarnpkg.com/@uppy/instagram/-/instagram-0.27.5.tgz#080524e034798338026751ec42469c21a97fff11"
  integrity sha512-LvgDojGyJkIgyQI0byjuFO7GLxMWi69nqcsNuN88Zi5b/AwXkJKdxtaw/45qCVY3UQcoU/drzOG9a6c9TjR9YQ==
  dependencies:
    "@uppy/companion-client" "0.27.2"
    "@uppy/provider-views" "0.27.4"
    "@uppy/utils" "0.27.1"
    preact "^8.2.9"

"@uppy/progress-bar@0.27.4":
  version "0.27.4"
  resolved "https://registry.yarnpkg.com/@uppy/progress-bar/-/progress-bar-0.27.4.tgz#8c08eee030633fd4f5ab7a6a7b67cb739591e404"
  integrity sha512-UrX8P47xh55P5oxXchPtbaJae1Q8ScrTDPXrKZrc8Ynb5+hAuaPXffwOPuy/7eHH14rVrC8sSt9lp6Zc37aWWA==
  dependencies:
    "@uppy/utils" "0.27.1"
    preact "^8.2.9"

"@uppy/provider-views@0.27.4":
  version "0.27.4"
  resolved "https://registry.yarnpkg.com/@uppy/provider-views/-/provider-views-0.27.4.tgz#d416f4a178c2095630b39528800920457586461a"
  integrity sha512-gaSMSHzmOC05bnmOoNWBgcRQXi8OAo1JqRlr5Xs93hUAvquoDcxn5knTXf1pWfIPB2f3VjvARvktSNvEBuOKww==
  dependencies:
    "@uppy/utils" "0.27.1"
    classnames "^2.2.6"
    preact "^8.2.9"

"@uppy/redux-dev-tools@0.27.4":
  version "0.27.4"
  resolved "https://registry.yarnpkg.com/@uppy/redux-dev-tools/-/redux-dev-tools-0.27.4.tgz#7d2a54d98fe60ec43dc02d0c5205dd896e1978ee"
  integrity sha512-WLBrcbauFmxEap5kjzy8U+rVKgsQto3s2eVNKBedyokUFQAnVgtv2jmQlip4F5BKpEccj9K07fHcmkd/IZx+8w==

"@uppy/status-bar@0.27.4":
  version "0.27.4"
  resolved "https://registry.yarnpkg.com/@uppy/status-bar/-/status-bar-0.27.4.tgz#da10b14493c0ad8863c602cfb9584f73faa0d760"
  integrity sha512-AhOWxPvIGFux1AhU61vongdnGmK9LUyHGIrOEQwpyb7vRLvyz+ZXQD/x1iLMGrJDEo+Pb4ReKQSVAKLhiLY9nQ==
  dependencies:
    "@uppy/utils" "0.27.1"
    classnames "^2.2.6"
    lodash.throttle "^4.1.1"
    preact "^8.2.9"
    prettier-bytes "^1.0.4"

"@uppy/store-default@0.27.0":
  version "0.27.0"
  resolved "https://registry.yarnpkg.com/@uppy/store-default/-/store-default-0.27.0.tgz#3afeb640352d142fe1b15d6e73b1034626ab4ced"
  integrity sha512-zy0DYXYcO/JyQ4Xg6KKDFnzZY3YC/YOjlfYT21BsHdLfriGBndouWV36N12vIqbNSluxdTQIDNue5mZy5BjtTQ==

"@uppy/store-redux@0.27.0":
  version "0.27.0"
  resolved "https://registry.yarnpkg.com/@uppy/store-redux/-/store-redux-0.27.0.tgz#529f9e3bf5d6fe71388411c42e5786ee56fa88a0"
  integrity sha512-hevVqvQJU0Ug75nTYgnFKFluPjSLGfQP+HClTajmq58cahgKq56DFE0yxQHIBm216c4+FI1VDL2BwkYnfjETew==
  dependencies:
    cuid "^2.1.1"

"@uppy/thumbnail-generator@0.27.4":
  version "0.27.4"
  resolved "https://registry.yarnpkg.com/@uppy/thumbnail-generator/-/thumbnail-generator-0.27.4.tgz#964de632a21db7e12d93be7bb6caf93619e5e00b"
  integrity sha512-EFcyNkd3KAlx5vV9dEFVtiIxqRPR0AaiCcrtv+HXRLa1zgyOp1jAatk5TIDYbkLb3PC23KtHflvKLLxJbzcF5Q==
  dependencies:
    "@uppy/utils" "0.27.1"

"@uppy/transloadit@0.27.5":
  version "0.27.5"
  resolved "https://registry.yarnpkg.com/@uppy/transloadit/-/transloadit-0.27.5.tgz#42f6bdee3d3f0168509d3948366580c5acc51d0e"
  integrity sha512-89YrE7wVU0sBRpbf1fUba4jPbVYezpoxA/u/XGlA5kvabe4yKnP7dx/yqYNXQBbedDxQ/+d8vp1UUdncjynGgA==
  dependencies:
    "@uppy/companion-client" "0.27.2"
    "@uppy/provider-views" "0.27.4"
    "@uppy/tus" "0.27.5"
    "@uppy/utils" "0.27.1"
    component-emitter "^1.2.1"
    socket.io-client "^2.1.1"

"@uppy/tus@0.27.5":
  version "0.27.5"
  resolved "https://registry.yarnpkg.com/@uppy/tus/-/tus-0.27.5.tgz#53504b259419da3f10926b5f11105d5266edbd69"
  integrity sha512-c9JJwJJLEYx77J92P+YrQNrwtoTo32N4D0ICmvnCCweiyQC9ukijI2eOA+yWQDRcUKlQMCU58IgN4uuehTZDaA==
  dependencies:
    "@uppy/companion-client" "0.27.2"
    "@uppy/utils" "0.27.1"
    tus-js-client "^1.5.1"

"@uppy/url@0.27.5":
  version "0.27.5"
  resolved "https://registry.yarnpkg.com/@uppy/url/-/url-0.27.5.tgz#35479347027ab5ae6c38834692d56e64cef890b4"
  integrity sha512-YyxaTQL7x7KwUGI36NeG0z2WvvmtYSb6tZyETcs6IAzpaGsMVFUIwY57AcJWMPY1I6SH4cui+CeSZwXLc9SPQA==
  dependencies:
    "@uppy/companion-client" "0.27.2"
    "@uppy/utils" "0.27.1"
    preact "^8.2.9"

"@uppy/utils@0.27.1":
  version "0.27.1"
  resolved "https://registry.yarnpkg.com/@uppy/utils/-/utils-0.27.1.tgz#53e610d4e5eebc5ecd722f4d711fe4ff20f2d19c"
  integrity sha512-zex1ZavJWSjVhsm1zDlRThLkXBlWAav3rIuL4YDPl9jrWZt5pL7+pccEgwNtO7NmmcQyF7W7z3fKmDrJlvA8lA==
  dependencies:
    lodash.throttle "^4.1.1"

"@uppy/webcam@0.27.4":
  version "0.27.4"
  resolved "https://registry.yarnpkg.com/@uppy/webcam/-/webcam-0.27.4.tgz#7403363ef718e7528928659af211aaa9650f686a"
  integrity sha512-pHLF8F9/+B8yalZvJPbXg1BrkUpyNPuvy14Di43X3EeJ5BsEAILaPi8Np9mA1Mr83DKse3ARL95tr4YPBgvWZw==
  dependencies:
    "@uppy/utils" "0.27.1"
    preact "^8.2.9"

"@uppy/xhr-upload@0.27.4":
  version "0.27.4"
  resolved "https://registry.yarnpkg.com/@uppy/xhr-upload/-/xhr-upload-0.27.4.tgz#2a9692335324f8afaae3ec92978bd1b890fe0d12"
  integrity sha512-8RolM0/Dn/6jX4Aav/+PGoUflROHxXraHp0UpCCThIMyFJZGFDzvSI1zjEl8D8QP8tXQFbQERwdqpdCjoez2Tw==
  dependencies:
    "@uppy/companion-client" "0.27.2"
    "@uppy/utils" "0.27.1"
    cuid "^2.1.1"

after@0.8.2:
  version "0.8.2"
  resolved "https://registry.yarnpkg.com/after/-/after-0.8.2.tgz#fedb394f9f0e02aa9768e702bda23b505fae7e1f"
  integrity sha512-QbJ0NTQ/I9DI3uSJA4cbexiwQeRAfjPScqIbSjUDd9TOrcg6pTkdgziesOqxBMBzit8vFCTwrP27t13vFOORRA==

ansicolors@~0.2.1:
  version "0.2.1"
  resolved "https://registry.yarnpkg.com/ansicolors/-/ansicolors-0.2.1.tgz#be089599097b74a5c9c4a84a0cdbcdb62bd87aef"
  integrity sha512-tOIuy1/SK/dr94ZA0ckDohKXNeBNqZ4us6PjMVLs5h1w2GBB6uPtOknp2+VF4F/zcy9LI70W+Z+pE2Soajky1w==

arraybuffer.slice@~0.0.7:
  version "0.0.7"
  resolved "https://registry.yarnpkg.com/arraybuffer.slice/-/arraybuffer.slice-0.0.7.tgz#3bbc4275dd584cc1b10809b89d4e8b63a69e7675"
  integrity sha512-wGUIVQXuehL5TCqQun8OW81jGzAWycqzFF8lFp+GOM5BXLYj3bKNsYC4daB7n6XjCqxQA/qgTJ+8ANR3acjrog==

async@^2.6.0:
  version "2.6.4"
  resolved "https://registry.yarnpkg.com/async/-/async-2.6.4.tgz#706b7ff6084664cd7eae713f6f965433b5504221"
  integrity sha512-mzo5dfJYwAn29PeiJ0zvwTo04zj8HDJj0Mn8TD7sno7q12prdbnasKJHhkm2c1LgrhlJ0teaea8860oxi51mGA==
  dependencies:
    lodash "^4.17.14"

backo2@1.0.2:
  version "1.0.2"
  resolved "https://registry.yarnpkg.com/backo2/-/backo2-1.0.2.tgz#31ab1ac8b129363463e35b3ebb69f4dfcfba7947"
  integrity sha512-zj6Z6M7Eq+PBZ7PQxl5NT665MvJdAkzp0f60nAJ+sLaSCBPMwVak5ZegFbgVCzFcCJTKFoMizvM5Ld7+JrRJHA==

base64-arraybuffer@0.1.4:
  version "0.1.4"
  resolved "https://registry.yarnpkg.com/base64-arraybuffer/-/base64-arraybuffer-0.1.4.tgz#9818c79e059b1355f97e0428a017c838e90ba812"
  integrity sha512-a1eIFi4R9ySrbiMuyTGx5e92uRH5tQY6kArNcFaKBUleIoLjdjBg7Zxm3Mqm3Kmkf27HLR/1fnxX9q8GQ7Iavg==

blob-to-buffer@^1.0.2:
  version "1.2.9"
  resolved "https://registry.yarnpkg.com/blob-to-buffer/-/blob-to-buffer-1.2.9.tgz#a17fd6c1c564011408f8971e451544245daaa84a"
  integrity sha512-BF033y5fN6OCofD3vgHmNtwZWRcq9NLyyxyILx9hfMy1sXYy4ojFl765hJ2lP0YaN2fuxPaLO2Vzzoxy0FLFFA==

blob@0.0.5:
  version "0.0.5"
  resolved "https://registry.yarnpkg.com/blob/-/blob-0.0.5.tgz#d680eeef25f8cd91ad533f5b01eed48e64caf683"
  integrity sha512-gaqbzQPqOoamawKg0LGVd7SzLgXS+JH61oWprSLH+P+abTczqJbhTR8CmJ2u9/bUYNmHTGJx/UEmn6doAvvuig==

bootstrap-tokenfield-jquery3@^0.13.1:
  version "0.13.1"
  resolved "https://registry.yarnpkg.com/bootstrap-tokenfield-jquery3/-/bootstrap-tokenfield-jquery3-0.13.1.tgz#24dbd1d6c8f83742681a75cbf815c41107eb17b1"
  integrity sha512-EJxjkfFSyZ6fvLvlesKDNOQwZm9JNcClhUjTVq2jUTqt8vJ4zOBgi8xdZ5MK+NxcILvJCCAR02YmUfMGlpsxBw==

buffer-from@^0.1.1:
  version "0.1.2"
  resolved "https://registry.yarnpkg.com/buffer-from/-/buffer-from-0.1.2.tgz#15f4b9bcef012044df31142c14333caf6e0260d0"
  integrity sha512-RiWIenusJsmI2KcvqQABB83tLxCByE3upSP8QU3rJDMVFGPWLvPQJt/O1Su9moRWeH7d+Q2HYb68f6+v+tw2vg==

cardinal@^1.0.0:
  version "1.0.0"
  resolved "https://registry.yarnpkg.com/cardinal/-/cardinal-1.0.0.tgz#50e21c1b0aa37729f9377def196b5a9cec932ee9"
  integrity sha512-INsuF4GyiFLk8C91FPokbKTc/rwHqV4JnfatVZ6GPhguP1qmkRWX2dp5tepYboYdPpGWisLVLI+KsXoXFPRSMg==
  dependencies:
    ansicolors "~0.2.1"
    redeyed "~1.0.0"

classnames@^2.2.6:
  version "2.3.2"
  resolved "https://registry.yarnpkg.com/classnames/-/classnames-2.3.2.tgz#351d813bf0137fcc6a76a16b88208d2560a0d924"
  integrity sha512-CSbhY4cFEJRe6/GQzIk5qXZ4Jeg5pcsP7b5peFSDpffpe1cqjASH/n9UTjBwOp6XpMSTwQ8Za2K5V02ueA7Tmw==

combine-errors@^3.0.3:
  version "3.0.3"
  resolved "https://registry.yarnpkg.com/combine-errors/-/combine-errors-3.0.3.tgz#f4df6740083e5703a3181110c2b10551f003da86"
  integrity sha512-C8ikRNRMygCwaTx+Ek3Yr+OuZzgZjduCOfSQBjbM8V3MfgcjSTeto/GXP6PAwKvJz/v15b7GHZvx5rOlczFw/Q==
  dependencies:
    custom-error-instance "2.1.1"
    lodash.uniqby "4.5.0"

component-bind@1.0.0:
  version "1.0.0"
  resolved "https://registry.yarnpkg.com/component-bind/-/component-bind-1.0.0.tgz#00c608ab7dcd93897c0009651b1d3a8e1e73bbd1"
  integrity sha512-WZveuKPeKAG9qY+FkYDeADzdHyTYdIboXS59ixDeRJL5ZhxpqUnxSOwop4FQjMsiYm3/Or8cegVbpAHNA7pHxw==

component-emitter@^1.2.1, component-emitter@~1.3.0:
  version "1.3.0"
  resolved "https://registry.yarnpkg.com/component-emitter/-/component-emitter-1.3.0.tgz#16e4070fba8ae29b679f2215853ee181ab2eabc0"
  integrity sha512-Rd3se6QB+sO1TwqZjscQrurpEPIfO0/yYnSin6Q/rD3mOutHvUrCAhJub3r90uNb+SESBuE0QYoB90YdfatsRg==

component-inherit@0.0.3:
  version "0.0.3"
  resolved "https://registry.yarnpkg.com/component-inherit/-/component-inherit-0.0.3.tgz#645fc4adf58b72b649d5cae65135619db26ff143"
  integrity sha512-w+LhYREhatpVqTESyGFg3NlP6Iu0kEKUHETY9GoZP/pQyW4mHFZuFWRUCIqVPZ36ueVLtoOEZaAqbCF2RDndaA==

csv-parse@^4.6.5:
  version "4.16.3"
  resolved "https://registry.yarnpkg.com/csv-parse/-/csv-parse-4.16.3.tgz#7ca624d517212ebc520a36873c3478fa66efbaf7"
  integrity sha512-cO1I/zmz4w2dcKHVvpCr7JVRu8/FymG5OEpmvsZYlccYolPBLoVGKUHgNoc4ZGkFeFlWGEDmMyBM+TTqRdW/wg==

cuid@^2.1.1:
  version "2.1.8"
  resolved "https://registry.yarnpkg.com/cuid/-/cuid-2.1.8.tgz#cbb88f954171e0d5747606c0139fb65c5101eac0"
  integrity sha512-xiEMER6E7TlTPnDxrM4eRiC6TRgjNX9xzEZ5U/Se2YJKr7Mq4pJn/2XEHjl3STcSh96GmkHPcBXLES8M29wyyg==

custom-error-instance@2.1.1:
  version "2.1.1"
  resolved "https://registry.yarnpkg.com/custom-error-instance/-/custom-error-instance-2.1.1.tgz#3cf6391487a6629a6247eb0ca0ce00081b7e361a"
  integrity sha512-p6JFxJc3M4OTD2li2qaHkDCw9SfMw82Ldr6OC9Je1aXiGfhx2W8p3GaoeaGrPJTUN9NirTM/KTxHWMUdR1rsUg==

debug@~3.1.0:
  version "3.1.0"
  resolved "https://registry.yarnpkg.com/debug/-/debug-3.1.0.tgz#5bb5a0672628b64149566ba16819e61518c67261"
  integrity sha512-OX8XqP7/1a9cqkxYw2yXss15f26NKWBpDXQd0/uK/KPqdQhxbPa994hnzjcE2VqQpDslf55723cKPUOGSmMY3g==
  dependencies:
    ms "2.0.0"

drag-drop@2.13.3:
  version "2.13.3"
  resolved "https://registry.yarnpkg.com/drag-drop/-/drag-drop-2.13.3.tgz#e4dc518ad1eddf33c53cb46759a32dd73f37dfd9"
  integrity sha512-g+qp+ssi6+v9Qnyyco0dfyA9sYZYYDddGbc0STdMHc9hfyHeYzqGs4v18jFksgHDtYBWf+ocnUkO6jF7MbFudg==
  dependencies:
    blob-to-buffer "^1.0.2"
    flatten "^1.0.2"
    run-parallel "^1.0.0"

engine.io-client@~3.5.0:
  version "3.5.3"
  resolved "https://registry.yarnpkg.com/engine.io-client/-/engine.io-client-3.5.3.tgz#3254f61fdbd53503dc9a6f9d46a52528871ca0d7"
  integrity sha512-qsgyc/CEhJ6cgMUwxRRtOndGVhIu5hpL5tR4umSpmX/MvkFoIxUTM7oFMDQumHNzlNLwSVy6qhstFPoWTf7dOw==
  dependencies:
    component-emitter "~1.3.0"
    component-inherit "0.0.3"
    debug "~3.1.0"
    engine.io-parser "~2.2.0"
    has-cors "1.1.0"
    indexof "0.0.1"
    parseqs "0.0.6"
    parseuri "0.0.6"
    ws "~7.4.2"
    xmlhttprequest-ssl "~1.6.2"
    yeast "0.1.2"

engine.io-parser@~2.2.0:
  version "2.2.1"
  resolved "https://registry.yarnpkg.com/engine.io-parser/-/engine.io-parser-2.2.1.tgz#57ce5611d9370ee94f99641b589f94c97e4f5da7"
  integrity sha512-x+dN/fBH8Ro8TFwJ+rkB2AmuVw9Yu2mockR/p3W8f8YtExwFgDvBDi0GWyb4ZLkpahtDGZgtr3zLovanJghPqg==
  dependencies:
    after "0.8.2"
    arraybuffer.slice "~0.0.7"
    base64-arraybuffer "0.1.4"
    blob "0.0.5"
    has-binary2 "~1.0.2"

esprima@~3.0.0:
  version "3.0.0"
  resolved "https://registry.yarnpkg.com/esprima/-/esprima-3.0.0.tgz#53cf247acda77313e551c3aa2e73342d3fb4f7d9"
  integrity sha512-xoBq/MIShSydNZOkjkoCEjqod963yHNXTLC40ypBhop6yPqflPz/vTinmCfSrGcywVLnSftRf6a0kJLdFdzemw==

extend@^3.0.2:
  version "3.0.2"
  resolved "https://registry.yarnpkg.com/extend/-/extend-3.0.2.tgz#f8b1136b4071fbd8eb140aff858b1019ec2915fa"
  integrity sha512-fjquC59cD7CyW6urNXK0FBufkZcoiGG80wTuPujX590cB5Ttln20E2UB4S/WARVqhXffZl2LNgS+gQdPIIim/g==

flatten@^1.0.2:
  version "1.0.3"
  resolved "https://registry.yarnpkg.com/flatten/-/flatten-1.0.3.tgz#c1283ac9f27b368abc1e36d1ff7b04501a30356b"
  integrity sha512-dVsPA/UwQ8+2uoFe5GHtiBMu48dWLTdsuEd7CKGlZlD78r1TTWBvDuFaFGKCo/ZfEr95Uk56vZoX86OsHkUeIg==

get-form-data@^2.0.0:
  version "2.0.0"
  resolved "https://registry.yarnpkg.com/get-form-data/-/get-form-data-2.0.0.tgz#f211018ea617cc54678522235f0e2a9025d89411"
  integrity sha512-YUpw0aTWeGliifqMYrTohe/YdqVmKLmaNwuscd2WlRNGfba57JHGuuvvv2c6LiZdFys285POVWANTh6SqcwFag==

graceful-fs@^4.1.2:
  version "4.2.10"
  resolved "https://registry.yarnpkg.com/graceful-fs/-/graceful-fs-4.2.10.tgz#147d3a006da4ca3ce14728c7aefc287c367d7a6c"
  integrity sha512-9ByhssR2fPVsNZj478qUUbKfmL0+t5BDVyjShtyZZLiK7ZDAArFFfopyOTj0M05wE2tJPisA4iTnnXl2YoPvOA==

has-binary2@~1.0.2:
  version "1.0.3"
  resolved "https://registry.yarnpkg.com/has-binary2/-/has-binary2-1.0.3.tgz#7776ac627f3ea77250cfc332dab7ddf5e4f5d11d"
  integrity sha512-G1LWKhDSvhGeAQ8mPVQlqNcOB2sJdwATtZKl2pDKKHfpf/rYj24lkinxf69blJbnsvtqqNU+L3SL50vzZhXOnw==
  dependencies:
    isarray "2.0.1"

has-cors@1.1.0:
  version "1.1.0"
  resolved "https://registry.yarnpkg.com/has-cors/-/has-cors-1.1.0.tgz#5e474793f7ea9843d1bb99c23eef49ff126fff39"
  integrity sha512-g5VNKdkFuUuVCP9gYfDJHjK2nqdQJ7aDLTnycnc2+RvsOQbuLdF5pm7vuE5J76SEBIQjs4kQY/BWq74JUmjbXA==

humanize@^0.0.9:
  version "0.0.9"
  resolved "https://registry.yarnpkg.com/humanize/-/humanize-0.0.9.tgz#1994ffaecdfe9c441ed2bdac7452b7bb4c9e41a4"
  integrity sha512-bvZZ7vXpr1RKoImjuQ45hJb5OvE2oJafHysiD/AL3nkqTZH2hFCjQ3YZfCd63FefDitbJze/ispUPP0gfDsT2Q==

indexof@0.0.1:
  version "0.0.1"
  resolved "https://registry.yarnpkg.com/indexof/-/indexof-0.0.1.tgz#82dc336d232b9062179d05ab3293a66059fd435d"
  integrity sha512-i0G7hLJ1z0DE8dsqJa2rycj9dBmNKgXBvotXtZYXakU9oivfB9Uj2ZBC27qqef2U58/ZLwalxa1X/RDCdkHtVg==

isarray@2.0.1:
  version "2.0.1"
  resolved "https://registry.yarnpkg.com/isarray/-/isarray-2.0.1.tgz#a37d94ed9cda2d59865c9f76fe596ee1f338741e"
  integrity sha512-c2cu3UxbI+b6kR3fy0nRnAhodsvR9dx7U5+znCOzdj6IfP3upFURTr0Xl5BlQZNKZjEtxrmVyfSdeE3O57smoQ==

jquery@>=1.12.0, jquery@^3.5.0:
  version "3.6.3"
  resolved "https://registry.yarnpkg.com/jquery/-/jquery-3.6.3.tgz#23ed2ffed8a19e048814f13391a19afcdba160e6"
  integrity sha512-bZ5Sy3YzKo9Fyc8wH2iIQK4JImJ6R0GWI9kL1/k7Z91ZBNgkRXE6U0JfHIizZbort8ZunhSI3jw9I6253ahKfg==

js-base64@^2.4.9:
  version "2.6.4"
  resolved "https://registry.yarnpkg.com/js-base64/-/js-base64-2.6.4.tgz#f4e686c5de1ea1f867dbcad3d46d969428df98c4"
  integrity sha512-pZe//GGmwJndub7ZghVHz7vjb2LgC1m8B07Au3eYqeqv9emhESByMXxaEgkUkEqJe87oBbSniGYoQNIBklc7IQ==

lodash._baseiteratee@~4.7.0:
  version "4.7.0"
  resolved "https://registry.yarnpkg.com/lodash._baseiteratee/-/lodash._baseiteratee-4.7.0.tgz#34a9b5543572727c3db2e78edae3c0e9e66bd102"
  integrity sha512-nqB9M+wITz0BX/Q2xg6fQ8mLkyfF7MU7eE+MNBNjTHFKeKaZAPEzEg+E8LWxKWf1DQVflNEn9N49yAuqKh2mWQ==
  dependencies:
    lodash._stringtopath "~4.8.0"

lodash._basetostring@~4.12.0:
  version "4.12.0"
  resolved "https://registry.yarnpkg.com/lodash._basetostring/-/lodash._basetostring-4.12.0.tgz#9327c9dc5158866b7fa4b9d42f4638e5766dd9df"
  integrity sha512-SwcRIbyxnN6CFEEK4K1y+zuApvWdpQdBHM/swxP962s8HIxPO3alBH5t3m/dl+f4CMUug6sJb7Pww8d13/9WSw==

lodash._baseuniq@~4.6.0:
  version "4.6.0"
  resolved "https://registry.yarnpkg.com/lodash._baseuniq/-/lodash._baseuniq-4.6.0.tgz#0ebb44e456814af7905c6212fa2c9b2d51b841e8"
  integrity sha512-Ja1YevpHZctlI5beLA7oc5KNDhGcPixFhcqSiORHNsp/1QTv7amAXzw+gu4YOvErqVlMVyIJGgtzeepCnnur0A==
  dependencies:
    lodash._createset "~4.0.0"
    lodash._root "~3.0.0"

lodash._createset@~4.0.0:
  version "4.0.3"
  resolved "https://registry.yarnpkg.com/lodash._createset/-/lodash._createset-4.0.3.tgz#0f4659fbb09d75194fa9e2b88a6644d363c9fe26"
  integrity sha512-GTkC6YMprrJZCYU3zcqZj+jkXkrXzq3IPBcF/fIPpNEAB4hZEtXU8zp/RwKOvZl43NUmwDbyRk3+ZTbeRdEBXA==

lodash._root@~3.0.0:
  version "3.0.1"
  resolved "https://registry.yarnpkg.com/lodash._root/-/lodash._root-3.0.1.tgz#fba1c4524c19ee9a5f8136b4609f017cf4ded692"
  integrity sha512-O0pWuFSK6x4EXhM1dhZ8gchNtG7JMqBtrHdoUFUWXD7dJnNSUze1GuyQr5sOs0aCvgGeI3o/OJW8f4ca7FDxmQ==

lodash._stringtopath@~4.8.0:
  version "4.8.0"
  resolved "https://registry.yarnpkg.com/lodash._stringtopath/-/lodash._stringtopath-4.8.0.tgz#941bcf0e64266e5fc1d66fed0a6959544c576824"
  integrity sha512-SXL66C731p0xPDC5LZg4wI5H+dJo/EO4KTqOMwLYCH3+FmmfAKJEZCm6ohGpI+T1xwsDsJCfL4OnhorllvlTPQ==
  dependencies:
    lodash._basetostring "~4.12.0"

lodash.throttle@^4.1.1:
  version "4.1.1"
  resolved "https://registry.yarnpkg.com/lodash.throttle/-/lodash.throttle-4.1.1.tgz#c23e91b710242ac70c37f1e1cda9274cc39bf2f4"
  integrity sha512-wIkUCfVKpVsWo3JSZlc+8MB5it+2AN5W8J7YVMST30UrvcQNZ1Okbj+rbVniijTWE6FGYy4XJq/rHkas8qJMLQ==

lodash.uniqby@4.5.0:
  version "4.5.0"
  resolved "https://registry.yarnpkg.com/lodash.uniqby/-/lodash.uniqby-4.5.0.tgz#a3a17bbf62eeb6240f491846e97c1c4e2a5e1e21"
  integrity sha512-IRt7cfTtHy6f1aRVA5n7kT8rgN3N1nH6MOWLcHfpWG2SH19E3JksLK38MktLxZDhlAjCP9jpIXkOnRXlu6oByQ==
  dependencies:
    lodash._baseiteratee "~4.7.0"
    lodash._baseuniq "~4.6.0"

lodash@^4.17.14, lodash@^4.17.19:
  version "4.17.21"
  resolved "https://registry.yarnpkg.com/lodash/-/lodash-4.17.21.tgz#679591c564c3bffaae8454cf0b3df370c3d6911c"
  integrity sha512-v2kDEe57lecTulaDIuNTPy3Ry4gLGJ6Z1O3vE1krgXZNrsQ+LFTGHVxVjcXPs17LhbZVGedAJv8XZ1tvj5FvSg==

magnific-popup@^1.1.0:
  version "1.1.0"
  resolved "https://registry.yarnpkg.com/magnific-popup/-/magnific-popup-1.1.0.tgz#3e7362c5bd18f6785fe99e59d013e20af33d3049"
  integrity sha512-ghSa/1TKsOUL6ZlHfcfFCoB9Wms2nqaDdBEPh6QX9jFYQyMkUu7ciU1mrxedWWq4NM2m1C/llhHKLt6GKRYOzg==

microplugin@0.0.3:
  version "0.0.3"
  resolved "https://registry.yarnpkg.com/microplugin/-/microplugin-0.0.3.tgz#1fc2e1bb7c9e19e82bd84bba9137bbe71250d8cd"
  integrity sha512-3wKXex4/iyALV0GX2juow66J9dabkEMgHeZAihdLTaRTzm0N+RubXioNPpfIQDPuBRxr3JbjNt7B0Lr/3yE9yQ==

mime-match@^1.0.2:
  version "1.0.2"
  resolved "https://registry.yarnpkg.com/mime-match/-/mime-match-1.0.2.tgz#3f87c31e9af1a5fd485fb9db134428b23bbb7ba8"
  integrity sha512-VXp/ugGDVh3eCLOBCiHZMYWQaTNUHv2IJrut+yXA6+JbLPXHglHwfS/5A5L0ll+jkCY7fIzRJcH6OIunF+c6Cg==
  dependencies:
    wildcard "^1.1.0"

minimist@~0.0.1:
  version "0.0.10"
  resolved "https://registry.yarnpkg.com/minimist/-/minimist-0.0.10.tgz#de3f98543dbf96082be48ad1a0c7cda836301dcf"
  integrity sha512-iotkTvxc+TwOm5Ieim8VnSNvCDjCK9S8G3scJ50ZthspSxa7jx50jkhYduuAtAjvfDUwSgOwf8+If99AlOEhyw==

ms@2.0.0:
  version "2.0.0"
  resolved "https://registry.yarnpkg.com/ms/-/ms-2.0.0.tgz#5608aeadfc00be6c2901df5f9861788de0d597c8"
  integrity sha512-Tpp60P6IUJDTuOq/5Z8cdskzJujfwqfOTkrwIwj7IRISpnkJnT6SyJ4PCPnGMoFjC9ddhal5KVIYtAt97ix05A==

namespace-emitter@^2.0.1:
  version "2.0.1"
  resolved "https://registry.yarnpkg.com/namespace-emitter/-/namespace-emitter-2.0.1.tgz#978d51361c61313b4e6b8cf6f3853d08dfa2b17c"
  integrity sha512-N/sMKHniSDJBjfrkbS/tpkPj4RAbvW3mr8UAzvlMHyun93XEm83IAvhWtJVHo+RHn/oO8Job5YN4b+wRjSVp5g==

optimist@^0.6.1:
  version "0.6.1"
  resolved "https://registry.yarnpkg.com/optimist/-/optimist-0.6.1.tgz#da3ea74686fa21a19a111c326e90eb15a0196686"
  integrity sha512-snN4O4TkigujZphWLN0E//nQmm7790RYaE53DdL7ZYwee2D8DDo9/EyYiKUfN3rneWUjhJnueija3G9I2i0h3g==
  dependencies:
    minimist "~0.0.1"
    wordwrap "~0.0.2"

parseqs@0.0.6:
  version "0.0.6"
  resolved "https://registry.yarnpkg.com/parseqs/-/parseqs-0.0.6.tgz#8e4bb5a19d1cdc844a08ac974d34e273afa670d5"
  integrity sha512-jeAGzMDbfSHHA091hr0r31eYfTig+29g3GKKE/PPbEQ65X0lmMwlEoqmhzu0iztID5uJpZsFlUPDP8ThPL7M8w==

parseuri@0.0.6:
  version "0.0.6"
  resolved "https://registry.yarnpkg.com/parseuri/-/parseuri-0.0.6.tgz#e1496e829e3ac2ff47f39a4dd044b32823c4a25a"
  integrity sha512-AUjen8sAkGgao7UyCX6Ahv0gIK2fABKmYjvP4xmy5JaKvcbTRueIqIPHLAfq30xJddqSE033IOMUSOMCcK3Sow==

preact-css-transition-group@^1.3.0:
  version "1.3.0"
  resolved "https://registry.yarnpkg.com/preact-css-transition-group/-/preact-css-transition-group-1.3.0.tgz#06fe468b26f7802e95b829a762db0bc199aef399"
  integrity sha512-GGPG1rlEyTJJDVV9L/r+gDLZtTwOlIUplO+XCMuWXGVVKpJI5vrQCsGju4T7maIgn7W/mmarrsH7VcdRhBgw5g==

preact@^8.2.9:
  version "8.5.3"
  resolved "https://registry.yarnpkg.com/preact/-/preact-8.5.3.tgz#78c2a5562fcecb1fed1d0055fa4ac1e27bde17c1"
  integrity sha512-O3kKP+1YdgqHOFsZF2a9JVdtqD+RPzCQc3rP+Ualf7V6rmRDchZ9MJbiGTT7LuyqFKZqlHSOyO/oMFmI2lVTsw==

prettier-bytes@^1.0.4:
  version "1.0.4"
  resolved "https://registry.yarnpkg.com/prettier-bytes/-/prettier-bytes-1.0.4.tgz#994b02aa46f699c50b6257b5faaa7fe2557e62d6"
  integrity sha512-dLbWOa4xBn+qeWeIF60qRoB6Pk2jX5P3DIVgOQyMyvBpu931Q+8dXz8X0snJiFkQdohDDLnZQECjzsAj75hgZQ==

proper-lockfile@^2.0.1:
  version "2.0.1"
  resolved "https://registry.yarnpkg.com/proper-lockfile/-/proper-lockfile-2.0.1.tgz#159fb06193d32003f4b3691dd2ec1a634aa80d1d"
  integrity sha512-rjaeGbsmhNDcDInmwi4MuI6mRwJu6zq8GjYCLuSuE7GF+4UjgzkL69sVKKJ2T2xH61kK7rXvGYpvaTu909oXaQ==
  dependencies:
    graceful-fs "^4.1.2"
    retry "^0.10.0"

querystringify@^2.1.1:
  version "2.2.0"
  resolved "https://registry.yarnpkg.com/querystringify/-/querystringify-2.2.0.tgz#3345941b4153cb9d082d8eee4cda2016a9aef7f6"
  integrity sha512-FIqgj2EUvTa7R50u0rGsyTftzjYmv/a3hO345bZNrqabNqjtgiDMgmo4mkUjd+nzU5oF3dClKqFIPUKybUyqoQ==

queue-microtask@^1.2.2:
  version "1.2.3"
  resolved "https://registry.yarnpkg.com/queue-microtask/-/queue-microtask-1.2.3.tgz#4929228bbc724dfac43e0efb058caf7b6cfb6243"
  integrity sha512-NuaNSa6flKT5JaSYQzJok04JzTL1CA6aGhv5rfLW3PgqA+M2ChpZQnAC8h8i4ZFkBS8X5RqkDBHA7r4hej3K9A==

rails-ujs@^5.2.1:
  version "5.2.8"
  resolved "https://registry.yarnpkg.com/rails-ujs/-/rails-ujs-5.2.8.tgz#dffc6b7d15f735f523e31be0a30b47264b282623"
  integrity sha512-qwCTG/7FgRRxQIWJ9vmLF8ucqFVM2Krk+0JWcI5OF485jymGa1Rix8kF5vNHGz/VGUvS2Dhom9PdlsdjMt9Kmg==

redeyed@~1.0.0:
  version "1.0.1"
  resolved "https://registry.yarnpkg.com/redeyed/-/redeyed-1.0.1.tgz#e96c193b40c0816b00aec842698e61185e55498a"
  integrity sha512-8eEWsNCkV2rvwKLS1Cvp5agNjMhwRe2um+y32B2+3LqOzg4C9BBPs6vzAfV16Ivb8B9HPNKIqd8OrdBws8kNlQ==
  dependencies:
    esprima "~3.0.0"

requires-port@^1.0.0:
  version "1.0.0"
  resolved "https://registry.yarnpkg.com/requires-port/-/requires-port-1.0.0.tgz#925d2601d39ac485e091cf0da5c6e694dc3dcaff"
  integrity sha512-KigOCHcocU3XODJxsu8i/j8T9tzT4adHiecwORRQ0ZZFcp7ahwXuRU1m+yuO90C5ZUyGeGfocHDI14M3L3yDAQ==

resize-observer-polyfill@^1.5.0:
  version "1.5.1"
  resolved "https://registry.yarnpkg.com/resize-observer-polyfill/-/resize-observer-polyfill-1.5.1.tgz#0e9020dd3d21024458d4ebd27e23e40269810464"
  integrity sha512-LwZrotdHOo12nQuZlHEmtuXdqGoOD0OhaxopaNFxWzInpEgaLWoVuAMbTzixuosCx2nEG58ngzW3vxdWoxIgdg==

resolve-url@^0.2.1:
  version "0.2.1"
  resolved "https://registry.yarnpkg.com/resolve-url/-/resolve-url-0.2.1.tgz#2c637fe77c893afd2a663fe21aa9080068e2052a"
  integrity sha512-ZuF55hVUQaaczgOIwqWzkEcEidmlD/xl44x1UZnhOXcYuFN2S6+rcxpG+C1N3So0wvNI3DmJICUFfu2SxhBmvg==

retry@^0.10.0:
  version "0.10.1"
  resolved "https://registry.yarnpkg.com/retry/-/retry-0.10.1.tgz#e76388d217992c252750241d3d3956fed98d8ff4"
  integrity sha512-ZXUSQYTHdl3uS7IuCehYfMzKyIDBNoAuUblvy5oGO5UJSUTmStUUVPXbA9Qxd173Bgre53yCQczQuHgRWAdvJQ==

run-parallel@^1.0.0:
  version "1.2.0"
  resolved "https://registry.yarnpkg.com/run-parallel/-/run-parallel-1.2.0.tgz#66d1368da7bdf921eb9d95bd1a9229e7f21a43ee"
  integrity sha512-5l4VyZR86LZ/lDxZTR6jqL8AFE2S0IFLMP26AbjsLVADxHdhB/c0GUsH+y39UfCi3dzz8OlQuPmnaJOMoDHQBA==
  dependencies:
    queue-microtask "^1.2.2"

selectize@^0.12.6:
  version "0.12.6"
  resolved "https://registry.yarnpkg.com/selectize/-/selectize-0.12.6.tgz#c2cf08cbaa4cb06c5e99bb452919d71b080690d6"
  integrity sha512-bWO5A7G+I8+QXyjLfQUgh31VI4WKYagUZQxAXlDyUmDDNrFxrASV0W9hxCOl0XJ/XQ1dZEu3G9HjXV4Wj0yb6w==
  dependencies:
    microplugin "0.0.3"
    sifter "^0.5.1"

sifter@^0.5.1:
  version "0.5.4"
  resolved "https://registry.yarnpkg.com/sifter/-/sifter-0.5.4.tgz#3cb9e514889edfc887d8d87a355841b01ebdd1ab"
  integrity sha512-t2yxTi/MM/ESup7XH5oMu8PUcttlekt269RqxARgnvS+7D/oP6RyA1x3M/5w8dG9OgkOyQ8hNRWelQ8Rj4TAQQ==
  dependencies:
    async "^2.6.0"
    cardinal "^1.0.0"
    csv-parse "^4.6.5"
    humanize "^0.0.9"
    optimist "^0.6.1"

socket.io-client@^2.1.1:
  version "2.5.0"
  resolved "https://registry.yarnpkg.com/socket.io-client/-/socket.io-client-2.5.0.tgz#34f486f3640dde9c2211fce885ac2746f9baf5cb"
  integrity sha512-lOO9clmdgssDykiOmVQQitwBAF3I6mYcQAo7hQ7AM6Ny5X7fp8hIJ3HcQs3Rjz4SoggoxA1OgrQyY8EgTbcPYw==
  dependencies:
    backo2 "1.0.2"
    component-bind "1.0.0"
    component-emitter "~1.3.0"
    debug "~3.1.0"
    engine.io-client "~3.5.0"
    has-binary2 "~1.0.2"
    indexof "0.0.1"
    parseqs "0.0.6"
    parseuri "0.0.6"
    socket.io-parser "~3.3.0"
    to-array "0.1.4"

socket.io-parser@~3.3.0:
  version "3.3.3"
  resolved "https://registry.yarnpkg.com/socket.io-parser/-/socket.io-parser-3.3.3.tgz#3a8b84823eba87f3f7624e64a8aaab6d6318a72f"
  integrity sha512-qOg87q1PMWWTeO01768Yh9ogn7chB9zkKtQnya41Y355S0UmpXgpcrFwAgjYJxu9BdKug5r5e9YtVSeWhKBUZg==
  dependencies:
    component-emitter "~1.3.0"
    debug "~3.1.0"
    isarray "2.0.1"

to-array@0.1.4:
  version "0.1.4"
  resolved "https://registry.yarnpkg.com/to-array/-/to-array-0.1.4.tgz#17e6c11f73dd4f3d74cda7a4ff3238e9ad9bf890"
  integrity sha512-LhVdShQD/4Mk4zXNroIQZJC+Ap3zgLcDuwEdcmLv9CCO73NWockQDwyUnW/m8VX/EElfL6FcYx7EeutN4HJA6A==

toastr@^2.1.4:
  version "2.1.4"
  resolved "https://registry.yarnpkg.com/toastr/-/toastr-2.1.4.tgz#8b43be64fb9d0c414871446f2db8e8ca4e95f181"
  integrity sha512-LIy77F5n+sz4tefMmFOntcJ6HL0Fv3k1TDnNmFZ0bU/GcvIIfy6eG2v7zQmMiYgaalAiUv75ttFrPn5s0gyqlA==
  dependencies:
    jquery ">=1.12.0"

tus-js-client@^1.5.1:
  version "1.8.0"
  resolved "https://registry.yarnpkg.com/tus-js-client/-/tus-js-client-1.8.0.tgz#0402357bdaa90e9dee6f6734c24473808bff272b"
  integrity sha512-qPX3TywqzxocTxUZtcS8X7Aik72SVMa0jKi4hWyfvRV+s9raVzzYGaP4MoJGaF0yOgm2+b6jXaVEHogxcJ8LGw==
  dependencies:
    buffer-from "^0.1.1"
    combine-errors "^3.0.3"
    extend "^3.0.2"
    js-base64 "^2.4.9"
    lodash.throttle "^4.1.1"
    proper-lockfile "^2.0.1"
    url-parse "^1.4.3"

underscore@^1.9.1:
  version "1.13.6"
  resolved "https://registry.yarnpkg.com/underscore/-/underscore-1.13.6.tgz#04786a1f589dc6c09f761fc5f45b89e935136441"
  integrity sha512-+A5Sja4HP1M08MaXya7p5LvjuM7K6q/2EaC0+iovj/wOcMsTzMvDFbasi/oSapiwOlt252IqsKqPjCl7huKS0A==

uppy@^0.27.2:
  version "0.27.5"
  resolved "https://registry.yarnpkg.com/uppy/-/uppy-0.27.5.tgz#058ab6b4c81f91a4b6397564cca09cbc10f89f95"
  integrity sha512-3/oEZr4PNnKv9EW2IKowU4Jdw46TO4RSOrwbLoF5xLBtlk4Cd3JoiJfrUj6ZaHbx6AW7XSNS/kfdOgR43cT0RA==
  dependencies:
    "@uppy/aws-s3" "0.27.4"
    "@uppy/aws-s3-multipart" "0.27.4"
    "@uppy/companion-client" "0.27.2"
    "@uppy/core" "0.27.3"
    "@uppy/dashboard" "0.27.5"
    "@uppy/drag-drop" "0.27.4"
    "@uppy/dropbox" "0.27.4"
    "@uppy/file-input" "0.27.4"
    "@uppy/form" "0.27.4"
    "@uppy/golden-retriever" "0.27.4"
    "@uppy/google-drive" "0.27.5"
    "@uppy/informer" "0.27.4"
    "@uppy/instagram" "0.27.5"
    "@uppy/progress-bar" "0.27.4"
    "@uppy/provider-views" "0.27.4"
    "@uppy/redux-dev-tools" "0.27.4"
    "@uppy/status-bar" "0.27.4"
    "@uppy/store-default" "0.27.0"
    "@uppy/store-redux" "0.27.0"
    "@uppy/thumbnail-generator" "0.27.4"
    "@uppy/transloadit" "0.27.5"
    "@uppy/tus" "0.27.5"
    "@uppy/url" "0.27.5"
    "@uppy/webcam" "0.27.4"
    "@uppy/xhr-upload" "0.27.4"

url-parse@^1.4.3:
  version "1.5.10"
  resolved "https://registry.yarnpkg.com/url-parse/-/url-parse-1.5.10.tgz#9d3c2f736c1d75dd3bd2be507dcc111f1e2ea9c1"
  integrity sha512-WypcfiRhfeUP9vvF0j6rw0J3hrWrw6iZv3+22h6iRMJ/8z1Tj6XfLP4DsUix5MhMPnXpiHDoKyoZ/bdCkwBCiQ==
  dependencies:
    querystringify "^2.1.1"
    requires-port "^1.0.0"

wildcard@^1.1.0:
  version "1.1.2"
  resolved "https://registry.yarnpkg.com/wildcard/-/wildcard-1.1.2.tgz#a7020453084d8cd2efe70ba9d3696263de1710a5"
  integrity sha512-DXukZJxpHA8LuotRwL0pP1+rS6CS7FF2qStDDE1C7DDg2rLud2PXRMuEDYIPhgEezwnlHNL4c+N6MfMTjCGTng==

wordwrap@~0.0.2:
  version "0.0.3"
  resolved "https://registry.yarnpkg.com/wordwrap/-/wordwrap-0.0.3.tgz#a3d5da6cd5c0bc0008d37234bbaf1bed63059107"
  integrity sha512-1tMA907+V4QmxV7dbRvb4/8MaRALK6q9Abid3ndMYnbyo8piisCmeONVqVSXqQA3KaP4SLt5b7ud6E2sqP8TFw==

ws@~7.4.2:
  version "7.4.6"
  resolved "https://registry.yarnpkg.com/ws/-/ws-7.4.6.tgz#5654ca8ecdeee47c33a9a4bf6d28e2be2980377c"
  integrity sha512-YmhHDO4MzaDLB+M9ym/mDA5z0naX8j7SIlT8f8z+I0VtzsRbekxEutHSme7NPS2qE8StCYQNUnfWdXta/Yu85A==

xmlhttprequest-ssl@~1.6.2:
  version "1.6.3"
  resolved "https://registry.yarnpkg.com/xmlhttprequest-ssl/-/xmlhttprequest-ssl-1.6.3.tgz#03b713873b01659dfa2c1c5d056065b27ddc2de6"
  integrity sha512-3XfeQE/wNkvrIktn2Kf0869fC0BN6UpydVasGIeSm2B1Llihf7/0UfZM+eCkOw3P7bP4+qPgqhm7ZoxuJtFU0Q==

yeast@0.1.2:
  version "0.1.2"
  resolved "https://registry.yarnpkg.com/yeast/-/yeast-0.1.2.tgz#008e06d8094320c372dbc2f8ed76a0ca6c8ac419"
  integrity sha512-8HFIh676uyGYP6wP13R/j6OJ/1HwJ46snpvzE7aHAN3Ryqh2yX6Xox2B4CUmTwwOIzlG3Bs7ocsP5dZH/R1Qbg==
